# This file is generated by running "yarn install" inside your project.
# Manual changes might be lost - proceed with caution!

__metadata:
  version: 8
  cacheKey: 10c0

"@leesche/impression-tracker@npm:@jsr/leesche__impression-tracker@^0.0.1":
  version: 0.0.1
  resolution: "@jsr/leesche__impression-tracker@npm:0.0.1::__archiveUrl=https%3A%2F%2Fnpm.jsr.io%2F~%2F7%2F%40jsr%2Fleesche__impression-tracker%2F0.0.1.tgz"
  checksum: 10c0/c2caf6632bd1547732b858baf6a49dd95322e81f8e3b9d64be262af0cc7c69d1cfd3296748a4e9560a087476c96733a385490a60d063afc087f3fdc72d71bdc6
  languageName: node
  linkType: hard

"@leesche/impression-tracker@workspace:libraries/impression-tracker":
  version: 0.0.0-use.local
  resolution: "@leesche/impression-tracker@workspace:libraries/impression-tracker"
  languageName: unknown
  linkType: soft

"demo@workspace:apps/demo":
  version: 0.0.0-use.local
  resolution: "demo@workspace:apps/demo"
  dependencies:
    "@leesche/impression-tracker": "npm:@jsr/leesche__impression-tracker@^0.0.1"
  languageName: unknown
  linkType: soft

"impression-tracker@workspace:.":
  version: 0.0.0-use.local
  resolution: "impression-tracker@workspace:."
  dependencies:
    "@leesche/impression-tracker": "npm:@jsr/leesche__impression-tracker@^0.0.1"
  languageName: unknown
  linkType: soft
